
Microsoft Visual Studio Solution File, Format Version 12.00
# Visual Studio 15
Project("{FAE04EC0-301F-11D3-BF4B-00C04F79EFBC}") = "Assembly-CSharp", "Assembly-CSharp.csproj", "{33915613-881D-103A-B003-9A0C3F052438}"
EndProject
Project("{FAE04EC0-301F-11D3-BF4B-00C04F79EFBC}") = "Assembly-CSharp-firstpass", "Assembly-CSharp-firstpass.csproj", "{ABADBD53-B1A6-A967-7AE0-6E7B98D96303}"
EndProject
Project("{FAE04EC0-301F-11D3-BF4B-00C04F79EFBC}") = "Assembly-CSharp-Editor-firstpass", "Assembly-CSharp-Editor-firstpass.csproj", "{A219EA84-E844-A70C-AF99-45757107894E}"
EndProject
Global
	GlobalSection(SolutionConfigurationPlatforms) = preSolution
		Debug|Any CPU = Debug|Any CPU
		Release|Any CPU = Release|Any CPU
	EndGlobalSection
	GlobalSection(ProjectConfigurationPlatforms) = postSolution
		{33915613-881D-103A-B003-9A0C3F052438}.Debug|Any CPU.ActiveCfg = Debug|Any CPU
		{33915613-881D-103A-B003-9A0C3F052438}.Debug|Any CPU.Build.0 = Debug|Any CPU
		{33915613-881D-103A-B003-9A0C3F052438}.Release|Any CPU.ActiveCfg = Release|Any CPU
		{33915613-881D-103A-B003-9A0C3F052438}.Release|Any CPU.Build.0 = Release|Any CPU
		{ABADBD53-B1A6-A967-7AE0-6E7B98D96303}.Debug|Any CPU.ActiveCfg = Debug|Any CPU
		{ABADBD53-B1A6-A967-7AE0-6E7B98D96303}.Debug|Any CPU.Build.0 = Debug|Any CPU
		{ABADBD53-B1A6-A967-7AE0-6E7B98D96303}.Release|Any CPU.ActiveCfg = Release|Any CPU
		{ABADBD53-B1A6-A967-7AE0-6E7B98D96303}.Release|Any CPU.Build.0 = Release|Any CPU
		{A219EA84-E844-A70C-AF99-45757107894E}.Debug|Any CPU.ActiveCfg = Debug|Any CPU
		{A219EA84-E844-A70C-AF99-45757107894E}.Debug|Any CPU.Build.0 = Debug|Any CPU
		{A219EA84-E844-A70C-AF99-45757107894E}.Release|Any CPU.ActiveCfg = Release|Any CPU
		{A219EA84-E844-A70C-AF99-45757107894E}.Release|Any CPU.Build.0 = Release|Any CPU
	EndGlobalSection
	GlobalSection(SolutionProperties) = preSolution
		HideSolutionNode = FALSE
	EndGlobalSection
EndGlobal
